// !$*UTF8*$!
{
	archiveVersion = 1;
	classes = {
	};
	objectVersion = 50;
	objects = {

/* Begin PBXBuildFile section */
		53BD78C023BB16CD00FA4EAB /* AppDelegate.swift in Sources */ = {isa = PBXBuildFile; fileRef = 53BD78BF23BB16CD00FA4EAB /* AppDelegate.swift */; };
		53BD78C223BB16CD00FA4EAB /* SceneDelegate.swift in Sources */ = {isa = PBXBuildFile; fileRef = 53BD78C123BB16CD00FA4EAB /* SceneDelegate.swift */; };
		53BD78C423BB16CD00FA4EAB /* ViewController.swift in Sources */ = {isa = PBXBuildFile; fileRef = 53BD78C323BB16CD00FA4EAB /* ViewController.swift */; };
		53BD78C723BB16CD00FA4EAB /* Main.storyboard in Resources */ = {isa = PBXBuildFile; fileRef = 53BD78C523BB16CD00FA4EAB /* Main.storyboard */; };
		53BD78C923BB16CD00FA4EAB /* Assets.xcassets in Resources */ = {isa = PBXBuildFile; fileRef = 53BD78C823BB16CD00FA4EAB /* Assets.xcassets */; };
		53BD78CC23BB16CD00FA4EAB /* LaunchScreen.storyboard in Resources */ = {isa = PBXBuildFile; fileRef = 53BD78CA23BB16CD00FA4EAB /* LaunchScreen.storyboard */; };
/* End PBXBuildFile section */

/* Begin PBXFileReference section */
		53BD78BC23BB16CD00FA4EAB /* Chapter02-Button.app */ = {isa = PBXFileReference; explicitFileType = wrapper.application; includeInIndex = 0; path = "Chapter02-Button.app"; sourceTree = BUILT_PRODUCTS_DIR; };
		53BD78BF23BB16CD00FA4EAB /* AppDelegate.swift */ = {isa = PBXFileReference; lastKnownFileType = sourcecode.swift; path = AppDelegate.swift; sourceTree = "<group>"; };
		53BD78C123BB16CD00FA4EAB /* SceneDelegate.swift */ = {isa = PBXFileReference; lastKnownFileType = sourcecode.swift; path = SceneDelegate.swift; sourceTree = "<group>"; };
		53BD78C323BB16CD00FA4EAB /* ViewController.swift */ = {isa = PBXFileReference; lastKnownFileType = sourcecode.swift; path = ViewController.swift; sourceTree = "<group>"; };
		53BD78C623BB16CD00FA4EAB /* Base */ = {isa = PBXFileReference; lastKnownFileType = file.storyboard; name = Base; path = Base.lproj/Main.storyboard; sourceTree = "<group>"; };
		53BD78C823BB16CD00FA4EAB /* Assets.xcassets */ = {isa = PBXFileReference; lastKnownFileType = folder.assetcatalog; path = Assets.xcassets; sourceTree = "<group>"; };
		53BD78CB23BB16CD00FA4EAB /* Base */ = {isa = PBXFileReference; lastKnownFileType = file.storyboard; name = Base; path = Base.lproj/LaunchScreen.storyboard; sourceTree = "<group>"; };
		53BD78CD23BB16CD00FA4EAB /* Info.plist */ = {isa = PBXFileReference; lastKnownFileType = text.plist.xml; path = Info.plist; sourceTree = "<group>"; };
/* End PBXFileReference section */

/* Begin PBXFrameworksBuildPhase section */
		53BD78B923BB16CD00FA4EAB /* Frameworks */ = {
			isa = PBXFrameworksBuildPhase;
			buildActionMask = 2147483647;
			files = (
			);
			runOnlyForDeploymentPostprocessing = 0;
		};
/* End PBXFrameworksBuildPhase section */

/* Begin PBXGroup section */
		53BD78B323BB16CD00FA4EAB = {
			isa = PBXGroup;
			children = (
				53BD78BE23BB16CD00FA4EAB /* Chapter02-Button */,
				53BD78BD23BB16CD00FA4EAB /* Products */,
			);
			sourceTree = "<group>";
		};
		53BD78BD23BB16CD00FA4EAB /* Products */ = {
			isa = PBXGroup;
			children = (
				53BD78BC23BB16CD00FA4EAB /* Chapter02-Button.app */,
			);
			name = Products;
			sourceTree = "<group>";
		};
		53BD78BE23BB16CD00FA4EAB /* Chapter02-Button */ = {
			isa = PBXGroup;
			children = (
				53BD78BF23BB16CD00FA4EAB /* AppDelegate.swift */,
				53BD78C123BB16CD00FA4EAB /* SceneDelegate.swift */,
				53BD78C323BB16CD00FA4EAB /* ViewController.swift */,
				53BD78C523BB16CD00FA4EAB /* Main.storyboard */,
				53BD78C823BB16CD00FA4EAB /* Assets.xcassets */,
				53BD78CA23BB16CD00FA4EAB /* LaunchScreen.storyboard */,
				53BD78CD23BB16CD00FA4EAB /* Info.plist */,
			);
			path = "Chapter02-Button";
			sourceTree = "<group>";
		};
/* End PBXGroup section */

/* Begin PBXNativeTarget section */
		53BD78BB23BB16CD00FA4EAB /* Chapter02-Button */ = {
			isa = PBXNativeTarget;
			buildConfigurationList = 53BD78D023BB16CD00FA4EAB /* Build configuration list for PBXNativeTarget "Chapter02-Button" */;
			buildPhases = (
				53BD78B823BB16CD00FA4EAB /* Sources */,
				53BD78B923BB16CD00FA4EAB /* Frameworks */,
				53BD78BA23BB16CD00FA4EAB /* Resources */,
			);
			buildRules = (
			);
			dependencies = (
			);
			name = "Chapter02-Button";
			productName = "Chapter02-Button";
			productReference = 53BD78BC23BB16CD00FA4EAB /* Chapter02-Button.app */;
			productType = "com.apple.product-type.application";
		};
/* End PBXNativeTarget section */

/* Begin PBXProject section */
		53BD78B423BB16CD00FA4EAB /* Project object */ = {
			isa = PBXProject;
			attributes = {
				LastSwiftUpdateCheck = 1130;
				LastUpgradeCheck = 1130;
				ORGANIZATIONNAME = "박시현";
				TargetAttributes = {
					53BD78BB23BB16CD00FA4EAB = {
						CreatedOnToolsVersion = 11.3;
					};
				};
			};
			buildConfigurationList = 53BD78B723BB16CD00FA4EAB /* Build configuration list for PBXProject "Chapter02-Button" */;
			compatibilityVersion = "Xcode 9.3";
			developmentRegion = en;
			hasScannedForEncodings = 0;
			knownRegions = (
				en,
				Base,
			);
			mainGroup = 53BD78B323BB16CD00FA4EAB;
			productRefGroup = 53BD78BD23BB16CD00FA4EAB /* Products */;
			projectDirPath = "";
			projectRoot = "";
			targets = (
				53BD78BB23BB16CD00FA4EAB /* Chapter02-Button */,
			);
		};
/* End PBXProject section */

/* Begin PBXResourcesBuildPhase section */
		53BD78BA23BB16CD00FA4EAB /* Resources */ = {
			isa = PBXResourcesBuildPhase;
			buildActionMask = 2147483647;
			files = (
				53BD78CC23BB16CD00FA4EAB /* LaunchScreen.storyboard in Resources */,
				53BD78C923BB16CD00FA4EAB /* Assets.xcassets in Resources */,
				53BD78C723BB16CD00FA4EAB /* Main.storyboard in Resources */,
			);
			runOnlyForDeploymentPostprocessing = 0;
		};
/* End PBXResourcesBuildPhase section */

/* Begin PBXSourcesBuildPhase section */
		53BD78B823BB16CD00FA4EAB /* Sources */ = {
			isa = PBXSourcesBuildPhase;
			buildActionMask = 2147483647;
			files = (
				53BD78C423BB16CD00FA4EAB /* ViewController.swift in Sources */,
				53BD78C023BB16CD00FA4EAB /* AppDelegate.swift in Sources */,
				53BD78C223BB16CD00FA4EAB /* SceneDelegate.swift in Sources */,
			);
			runOnlyForDeploymentPostprocessing = 0;
		};
/* End PBXSourcesBuildPhase section */

/* Begin PBXVariantGroup section */
		53BD78C523BB16CD00FA4EAB /* Main.storyboard */ = {
			isa = PBXVariantGroup;
			children = (
				53BD78C623BB16CD00FA4EAB /* Base */,
			);
			name = Main.storyboard;
			sourceTree = "<group>";
		};
		53BD78CA23BB16CD00FA4EAB /* LaunchScreen.storyboard */ = {
			isa = PBXVariantGroup;
			children = (
				53BD78CB23BB16CD00FA4EAB /* Base */,
			);
			name = LaunchScreen.storyboard;
			sourceTree = "<group>";
		};
/* End PBXVariantGroup section */

/* Begin XCBuildConfiguration section */
		53BD78CE23BB16CD00FA4EAB /* Debug */ = {
			isa = XCBuildConfiguration;
			buildSettings = {
				ALWAYS_SEARCH_USER_PATHS = NO;
				CLANG_ANALYZER_NONNULL = YES;
				CLANG_ANALYZER_NUMBER_OBJECT_CONVERSION = YES_AGGRESSIVE;
				CLANG_CXX_LANGUAGE_STANDARD = "gnu++14";
				CLANG_CXX_LIBRARY = "libc++";
				CLANG_ENABLE_MODULES = YES;
				CLANG_ENABLE_OBJC_ARC = YES;
				CLANG_ENABLE_OBJC_WEAK = YES;
				CLANG_WARN_BLOCK_CAPTURE_AUTORELEASING = YES;
				CLANG_WARN_BOOL_CONVERSION = YES;
				CLANG_WARN_COMMA = YES;
				CLANG_WARN_CONSTANT_CONVERSION = YES;
				CLANG_WARN_DEPRECATED_OBJC_IMPLEMENTATIONS = YES;
				CLANG_WARN_DIRECT_OBJC_ISA_USAGE = YES_ERROR;
				CLANG_WARN_DOCUMENTATION_COMMENTS = YES;
				CLANG_WARN_EMPTY_BODY = YES;
				CLANG_WARN_ENUM_CONVERSION = YES;
				CLANG_WARN_INFINITE_RECURSION = YES;
				CLANG_WARN_INT_CONVERSION = YES;
				CLANG_WARN_NON_LITERAL_NULL_CONVERSION = YES;
				CLANG_WARN_OBJC_IMPLICIT_RETAIN_SELF = YES;
				CLANG_WARN_OBJC_LITERAL_CONVERSION = YES;
				CLANG_WARN_OBJC_ROOT_CLASS = YES_ERROR;
				CLANG_WARN_RANGE_LOOP_ANALYSIS = YES;
				CLANG_WARN_STRICT_PROTOTYPES = YES;
				CLANG_WARN_SUSPICIOUS_MOVE = YES;
				CLANG_WARN_UNGUARDED_AVAILABILITY = YES_AGGRESSIVE;
				CLANG_WARN_UNREACHABLE_CODE = YES;
				CLANG_WARN__DUPLICATE_METHOD_MATCH = YES;
				COPY_PHASE_STRIP = NO;
				DEBUG_INFORMATION_FORMAT = dwarf;
				ENABLE_STRICT_OBJC_MSGSEND = YES;
				ENABLE_TESTABILITY = YES;
				GCC_C_LANGUAGE_STANDARD = gnu11;
				GCC_DYNAMIC_NO_PIC = NO;
				GCC_NO_COMMON_BLOCKS = YES;
				GCC_OPTIMIZATION_LEVEL = 0;
				GCC_PREPROCESSOR_DEFINITIONS = (
					"DEBUG=1",
					"$(inherited)",
				);
				GCC_WARN_64_TO_32_BIT_CONVERSION = YES;
				GCC_WARN_ABOUT_RETURN_TYPE = YES_ERROR;
				GCC_WARN_UNDECLARED_SELECTOR = YES;
				GCC_WARN_UNINITIALIZED_AUTOS = YES_AGGRESSIVE;
				GCC_WARN_UNUSED_FUNCTION = YES;
				GCC_WARN_UNUSED_VARIABLE = YES;
				IPHONEOS_DEPLOYMENT_TARGET = 13.2;
				MTL_ENABLE_DEBUG_INFO = INCLUDE_SOURCE;
				MTL_FAST_MATH = YES;
				ONLY_ACTIVE_ARCH = YES;
				SDKROOT = iphoneos;
				SWIFT_ACTIVE_COMPILATION_CONDITIONS = DEBUG;
				SWIFT_OPTIMIZATION_LEVEL = "-Onone";
			};
			name = Debug;
		};
		53BD78CF23BB16CD00FA4EAB /* Release */ = {
			isa = XCBuildConfiguration;
			buildSettings = {
				ALWAYS_SEARCH_USER_PATHS = NO;
				CLANG_ANALYZER_NONNULL = YES;
				CLANG_ANALYZER_NUMBER_OBJECT_CONVERSION = YES_AGGRESSIVE;
				CLANG_CXX_LANGUAGE_STANDARD = "gnu++14";
				CLANG_CXX_LIBRARY = "libc++";
				CLANG_ENABLE_MODULES = YES;
				CLANG_ENABLE_OBJC_ARC = YES;
				CLANG_ENABLE_OBJC_WEAK = YES;
				CLANG_WARN_BLOCK_CAPTURE_AUTORELEASING = YES;
				CLANG_WARN_BOOL_CONVERSION = YES;
				CLANG_WARN_COMMA = YES;
				CLANG_WARN_CONSTANT_CONVERSION = YES;
				CLANG_WARN_DEPRECATED_OBJC_IMPLEMENTATIONS = YES;
				CLANG_WARN_DIRECT_OBJC_ISA_USAGE = YES_ERROR;
				CLANG_WARN_DOCUMENTATION_COMMENTS = YES;
				CLANG_WARN_EMPTY_BODY = YES;
				CLANG_WARN_ENUM_CONVERSION = YES;
				CLANG_WARN_INFINITE_RECURSION = YES;
				CLANG_WARN_INT_CONVERSION = YES;
				CLANG_WARN_NON_LITERAL_NULL_CONVERSION = YES;
				CLANG_WARN_OBJC_IMPLICIT_RETAIN_SELF = YES;
				CLANG_WARN_OBJC_LITERAL_CONVERSION = YES;
				CLANG_WARN_OBJC_ROOT_CLASS = YES_ERROR;
				CLANG_WARN_RANGE_LOOP_ANALYSIS = YES;
				CLANG_WARN_STRICT_PROTOTYPES = YES;
				CLANG_WARN_SUSPICIOUS_MOVE = YES;
				CLANG_WARN_UNGUARDED_AVAILABILITY = YES_AGGRESSIVE;
				CLANG_WARN_UNREACHABLE_CODE = YES;
				CLANG_WARN__DUPLICATE_METHOD_MATCH = YES;
				COPY_PHASE_STRIP = NO;
				DEBUG_INFORMATION_FORMAT = "dwarf-with-dsym";
				ENABLE_NS_ASSERTIONS = NO;
				ENABLE_STRICT_OBJC_MSGSEND = YES;
				GCC_C_LANGUAGE_STANDARD = gnu11;
				GCC_NO_COMMON_BLOCKS = YES;
				GCC_WARN_64_TO_32_BIT_CONVERSION = YES;
				GCC_WARN_ABOUT_RETURN_TYPE = YES_ERROR;
				GCC_WARN_UNDECLARED_SELECTOR = YES;
				GCC_WARN_UNINITIALIZED_AUTOS = YES_AGGRESSIVE;
				GCC_WARN_UNUSED_FUNCTION = YES;
				GCC_WARN_UNUSED_VARIABLE = YES;
				IPHONEOS_DEPLOYMENT_TARGET = 13.2;
				MTL_ENABLE_DEBUG_INFO = NO;
				MTL_FAST_MATH = YES;
				SDKROOT = iphoneos;
				SWIFT_COMPILATION_MODE = wholemodule;
				SWIFT_OPTIMIZATION_LEVEL = "-O";
				VALIDATE_PRODUCT = YES;
			};
			name = Release;
		};
		53BD78D123BB16CD00FA4EAB /* Debug */ = {
			isa = XCBuildConfiguration;
			buildSettings = {
				ASSETCATALOG_COMPILER_APPICON_NAME = AppIcon;
				CODE_SIGN_STYLE = Automatic;
				DEVELOPMENT_TEAM = 7S8D2S365X;
				INFOPLIST_FILE = "Chapter02-Button/Info.plist";
				LD_RUNPATH_SEARCH_PATHS = (
					"$(inherited)",
					"@executable_path/Frameworks",
				);
				PRODUCT_BUNDLE_IDENTIFIER = "com.chichchic.Chapter02-Button";
				PRODUCT_NAME = "$(TARGET_NAME)";
				SWIFT_VERSION = 5.0;
				TARGETED_DEVICE_FAMILY = 1;
			};
			name = Debug;
		};
		53BD78D223BB16CD00FA4EAB /* Release */ = {
			isa = XCBuildConfiguration;
			buildSettings = {
				ASSETCATALOG_COMPILER_APPICON_NAME = AppIcon;
				CODE_SIGN_STYLE = Automatic;
				DEVELOPMENT_TEAM = 7S8D2S365X;
				INFOPLIST_FILE = "Chapter02-Button/Info.plist";
				LD_RUNPATH_SEARCH_PATHS = (
					"$(inherited)",
					"@executable_path/Frameworks",
				);
				PRODUCT_BUNDLE_IDENTIFIER = "com.chichchic.Chapter02-Button";
				PRODUCT_NAME = "$(TARGET_NAME)";
				SWIFT_VERSION = 5.0;
				TARGETED_DEVICE_FAMILY = 1;
			};
			name = Release;
		};
/* End XCBuildConfiguration section */

/* Begin XCConfigurationList section */
		53BD78B723BB16CD00FA4EAB /* Build configuration list for PBXProject "Chapter02-Button" */ = {
			isa = XCConfigurationList;
			buildConfigurations = (
				53BD78CE23BB16CD00FA4EAB /* Debug */,
				53BD78CF23BB16CD00FA4EAB /* Release */,
			);
			defaultConfigurationIsVisible = 0;
			defaultConfigurationName = Release;
		};
		53BD78D023BB16CD00FA4EAB /* Build configuration list for PBXNativeTarget "Chapter02-Button" */ = {
			isa = XCConfigurationList;
			buildConfigurations = (
				53BD78D123BB16CD00FA4EAB /* Debug */,
				53BD78D223BB16CD00FA4EAB /* Release */,
			);
			defaultConfigurationIsVisible = 0;
			defaultConfigurationName = Release;
		};
/* End XCConfigurationList section */
	};
	rootObject = 53BD78B423BB16CD00FA4EAB /* Project object */;
}
